{
  "requires": true,
  "lockfileVersion": 1,
  "dependencies": {
    "@react-native-community/netinfo": {
      "version": "6.0.0",
      "resolved": "https://registry.npmjs.org/@react-native-community/netinfo/-/netinfo-6.0.0.tgz",
      "integrity": "sha512-Z9M8VGcF2IZVOo2x+oUStvpCW/8HjIRi4+iQCu5n+PhC7OqCQX58KYAzdBr///alIfRXiu6oMb+lK+rXQH1FvQ=="
    }
  }
}
